
Microsoft Visual Studio Solution File, Format Version 12.00
# Visual Studio 15
Project("{FAE04EC0-301F-11D3-BF4B-00C04F79EFBC}") = "Assembly-CSharp", "Assembly-CSharp.csproj", "{A256244C-AFB9-C240-38E1-D619073E21CE}"
EndProject
Project("{FAE04EC0-301F-11D3-BF4B-00C04F79EFBC}") = "Assembly-CSharp-firstpass", "Assembly-CSharp-firstpass.csproj", "{AA12F550-23DE-1AA8-6753-2DCFE90D67CD}"
EndProject
Project("{FAE04EC0-301F-11D3-BF4B-00C04F79EFBC}") = "Assembly-CSharp-Editor", "Assembly-CSharp-Editor.csproj", "{E9B0180D-0B6F-3DC8-1D4B-2D4E510A6AD0}"
EndProject
Global
	GlobalSection(SolutionConfigurationPlatforms) = preSolution
		Debug|Any CPU = Debug|Any CPU
		Release|Any CPU = Release|Any CPU
	EndGlobalSection
	GlobalSection(ProjectConfigurationPlatforms) = postSolution
		{A256244C-AFB9-C240-38E1-D619073E21CE}.Debug|Any CPU.ActiveCfg = Debug|Any CPU
		{A256244C-AFB9-C240-38E1-D619073E21CE}.Debug|Any CPU.Build.0 = Debug|Any CPU
		{A256244C-AFB9-C240-38E1-D619073E21CE}.Release|Any CPU.ActiveCfg = Release|Any CPU
		{A256244C-AFB9-C240-38E1-D619073E21CE}.Release|Any CPU.Build.0 = Release|Any CPU
		{AA12F550-23DE-1AA8-6753-2DCFE90D67CD}.Debug|Any CPU.ActiveCfg = Debug|Any CPU
		{AA12F550-23DE-1AA8-6753-2DCFE90D67CD}.Debug|Any CPU.Build.0 = Debug|Any CPU
		{AA12F550-23DE-1AA8-6753-2DCFE90D67CD}.Release|Any CPU.ActiveCfg = Release|Any CPU
		{AA12F550-23DE-1AA8-6753-2DCFE90D67CD}.Release|Any CPU.Build.0 = Release|Any CPU
		{E9B0180D-0B6F-3DC8-1D4B-2D4E510A6AD0}.Debug|Any CPU.ActiveCfg = Debug|Any CPU
		{E9B0180D-0B6F-3DC8-1D4B-2D4E510A6AD0}.Debug|Any CPU.Build.0 = Debug|Any CPU
		{E9B0180D-0B6F-3DC8-1D4B-2D4E510A6AD0}.Release|Any CPU.ActiveCfg = Release|Any CPU
		{E9B0180D-0B6F-3DC8-1D4B-2D4E510A6AD0}.Release|Any CPU.Build.0 = Release|Any CPU
	EndGlobalSection
	GlobalSection(SolutionProperties) = preSolution
		HideSolutionNode = FALSE
	EndGlobalSection
EndGlobal
